// !$*UTF8*$!
{
	archiveVersion = 1;
	classes = {
	};
	objectVersion = 48;
	objects = {

/* Begin PBXBuildFile section */
		846AD3AFAD90479B45D663BD /* Pods_EwokTests.framework in Frameworks */ = {isa = PBXBuildFile; fileRef = 24B7FAE89054E6E265C19779 /* Pods_EwokTests.framework */; };
		AE7B72FFB46B20CA515744E1 /* Pods_Ewok.framework in Frameworks */ = {isa = PBXBuildFile; fileRef = A296D55DC567CB6C2F04AB66 /* Pods_Ewok.framework */; };
		BCE5FB696912892E97F67718 /* Pods_EwokUITests.framework in Frameworks */ = {isa = PBXBuildFile; fileRef = D414B0711FDE32BB2097E8D9 /* Pods_EwokUITests.framework */; };
		DD5F063F1FF7199B00BBD97E /* TransactionViewCell.swift in Sources */ = {isa = PBXBuildFile; fileRef = DD5F063E1FF7199B00BBD97E /* TransactionViewCell.swift */; };
		DD60A38B2012B4380019675C /* ContainerVC.swift in Sources */ = {isa = PBXBuildFile; fileRef = DD60A38A2012B4380019675C /* ContainerVC.swift */; };
		DD60A38D2012B4AA0019675C /* SideMenuVC.swift in Sources */ = {isa = PBXBuildFile; fileRef = DD60A38C2012B4AA0019675C /* SideMenuVC.swift */; };
		DD60A38F2012C3F50019675C /* MainVC.swift in Sources */ = {isa = PBXBuildFile; fileRef = DD60A38E2012C3F50019675C /* MainVC.swift */; };
		DD7A134F1FF7340A00943E6C /* Wallet+CoreDataClass.swift in Sources */ = {isa = PBXBuildFile; fileRef = DD7A13471FF7340A00943E6C /* Wallet+CoreDataClass.swift */; };
		DD7A13501FF7340A00943E6C /* Wallet+CoreDataProperties.swift in Sources */ = {isa = PBXBuildFile; fileRef = DD7A13481FF7340A00943E6C /* Wallet+CoreDataProperties.swift */; };
		DD7A13511FF7340A00943E6C /* Transaction+CoreDataClass.swift in Sources */ = {isa = PBXBuildFile; fileRef = DD7A13491FF7340A00943E6C /* Transaction+CoreDataClass.swift */; };
		DD7A13521FF7340A00943E6C /* Transaction+CoreDataProperties.swift in Sources */ = {isa = PBXBuildFile; fileRef = DD7A134A1FF7340A00943E6C /* Transaction+CoreDataProperties.swift */; };
		DD7A13531FF7340A00943E6C /* User+CoreDataClass.swift in Sources */ = {isa = PBXBuildFile; fileRef = DD7A134B1FF7340A00943E6C /* User+CoreDataClass.swift */; };
		DD7A13541FF7340A00943E6C /* User+CoreDataProperties.swift in Sources */ = {isa = PBXBuildFile; fileRef = DD7A134C1FF7340A00943E6C /* User+CoreDataProperties.swift */; };
		DD7A13551FF7340A00943E6C /* Tag+CoreDataClass.swift in Sources */ = {isa = PBXBuildFile; fileRef = DD7A134D1FF7340A00943E6C /* Tag+CoreDataClass.swift */; };
		DD7A13561FF7340A00943E6C /* Tag+CoreDataProperties.swift in Sources */ = {isa = PBXBuildFile; fileRef = DD7A134E1FF7340A00943E6C /* Tag+CoreDataProperties.swift */; };
		DD7A13581FF734DC00943E6C /* CoreDataStack.swift in Sources */ = {isa = PBXBuildFile; fileRef = DD7A13571FF734DC00943E6C /* CoreDataStack.swift */; };
		DD843E931FF5D8D700EE3C0D /* AppDelegate.swift in Sources */ = {isa = PBXBuildFile; fileRef = DD843E921FF5D8D700EE3C0D /* AppDelegate.swift */; };
		DD843E951FF5D8D700EE3C0D /* WalletViewController.swift in Sources */ = {isa = PBXBuildFile; fileRef = DD843E941FF5D8D700EE3C0D /* WalletViewController.swift */; };
		DD843E981FF5D8D700EE3C0D /* Main.storyboard in Resources */ = {isa = PBXBuildFile; fileRef = DD843E961FF5D8D700EE3C0D /* Main.storyboard */; };
		DD843E9B1FF5D8D700EE3C0D /* Ewok.xcdatamodeld in Sources */ = {isa = PBXBuildFile; fileRef = DD843E991FF5D8D700EE3C0D /* Ewok.xcdatamodeld */; };
		DD843E9D1FF5D8D700EE3C0D /* Assets.xcassets in Resources */ = {isa = PBXBuildFile; fileRef = DD843E9C1FF5D8D700EE3C0D /* Assets.xcassets */; };
		DD843EA01FF5D8D700EE3C0D /* LaunchScreen.storyboard in Resources */ = {isa = PBXBuildFile; fileRef = DD843E9E1FF5D8D700EE3C0D /* LaunchScreen.storyboard */; };
		DD843EAB1FF5D8D700EE3C0D /* EwokTests.swift in Sources */ = {isa = PBXBuildFile; fileRef = DD843EAA1FF5D8D700EE3C0D /* EwokTests.swift */; };
		DD843EB61FF5D8D700EE3C0D /* EwokUITests.swift in Sources */ = {isa = PBXBuildFile; fileRef = DD843EB51FF5D8D700EE3C0D /* EwokUITests.swift */; };
		DDB1F6EF2008223200C26E40 /* AddTransactionViewController.swift in Sources */ = {isa = PBXBuildFile; fileRef = DDB1F6EE2008223200C26E40 /* AddTransactionViewController.swift */; };
/* End PBXBuildFile section */

/* Begin PBXContainerItemProxy section */
		DD843EA71FF5D8D700EE3C0D /* PBXContainerItemProxy */ = {
			isa = PBXContainerItemProxy;
			containerPortal = DD843E871FF5D8D700EE3C0D /* Project object */;
			proxyType = 1;
			remoteGlobalIDString = DD843E8E1FF5D8D700EE3C0D;
			remoteInfo = Ewok;
		};
		DD843EB21FF5D8D700EE3C0D /* PBXContainerItemProxy */ = {
			isa = PBXContainerItemProxy;
			containerPortal = DD843E871FF5D8D700EE3C0D /* Project object */;
			proxyType = 1;
			remoteGlobalIDString = DD843E8E1FF5D8D700EE3C0D;
			remoteInfo = Ewok;
		};
/* End PBXContainerItemProxy section */

/* Begin PBXFileReference section */
		24B7FAE89054E6E265C19779 /* Pods_EwokTests.framework */ = {isa = PBXFileReference; explicitFileType = wrapper.framework; includeInIndex = 0; path = Pods_EwokTests.framework; sourceTree = BUILT_PRODUCTS_DIR; };
		29145FCDCB2A56AF89CA73E9 /* Pods-EwokTests.release.xcconfig */ = {isa = PBXFileReference; includeInIndex = 1; lastKnownFileType = text.xcconfig; name = "Pods-EwokTests.release.xcconfig"; path = "Pods/Target Support Files/Pods-EwokTests/Pods-EwokTests.release.xcconfig"; sourceTree = "<group>"; };
		72445AA4FB8B3AF564AFBF3C /* Pods-Ewok.debug.xcconfig */ = {isa = PBXFileReference; includeInIndex = 1; lastKnownFileType = text.xcconfig; name = "Pods-Ewok.debug.xcconfig"; path = "Pods/Target Support Files/Pods-Ewok/Pods-Ewok.debug.xcconfig"; sourceTree = "<group>"; };
		92CBF6B06A5291DD706071B1 /* Pods-EwokUITests.debug.xcconfig */ = {isa = PBXFileReference; includeInIndex = 1; lastKnownFileType = text.xcconfig; name = "Pods-EwokUITests.debug.xcconfig"; path = "Pods/Target Support Files/Pods-EwokUITests/Pods-EwokUITests.debug.xcconfig"; sourceTree = "<group>"; };
		9CA75455A8553F93BBD46671 /* Pods-EwokUITests.release.xcconfig */ = {isa = PBXFileReference; includeInIndex = 1; lastKnownFileType = text.xcconfig; name = "Pods-EwokUITests.release.xcconfig"; path = "Pods/Target Support Files/Pods-EwokUITests/Pods-EwokUITests.release.xcconfig"; sourceTree = "<group>"; };
		A24C4C6B9222284BF2331BCE /* Pods-Ewok.release.xcconfig */ = {isa = PBXFileReference; includeInIndex = 1; lastKnownFileType = text.xcconfig; name = "Pods-Ewok.release.xcconfig"; path = "Pods/Target Support Files/Pods-Ewok/Pods-Ewok.release.xcconfig"; sourceTree = "<group>"; };
		A296D55DC567CB6C2F04AB66 /* Pods_Ewok.framework */ = {isa = PBXFileReference; explicitFileType = wrapper.framework; includeInIndex = 0; path = Pods_Ewok.framework; sourceTree = BUILT_PRODUCTS_DIR; };
		AEEDF333C9C14B23EFF618C7 /* Pods-EwokTests.debug.xcconfig */ = {isa = PBXFileReference; includeInIndex = 1; lastKnownFileType = text.xcconfig; name = "Pods-EwokTests.debug.xcconfig"; path = "Pods/Target Support Files/Pods-EwokTests/Pods-EwokTests.debug.xcconfig"; sourceTree = "<group>"; };
		D414B0711FDE32BB2097E8D9 /* Pods_EwokUITests.framework */ = {isa = PBXFileReference; explicitFileType = wrapper.framework; includeInIndex = 0; path = Pods_EwokUITests.framework; sourceTree = BUILT_PRODUCTS_DIR; };
		DD5F063E1FF7199B00BBD97E /* TransactionViewCell.swift */ = {isa = PBXFileReference; lastKnownFileType = sourcecode.swift; path = TransactionViewCell.swift; sourceTree = "<group>"; };
		DD60A38A2012B4380019675C /* ContainerVC.swift */ = {isa = PBXFileReference; lastKnownFileType = sourcecode.swift; path = ContainerVC.swift; sourceTree = "<group>"; };
		DD60A38C2012B4AA0019675C /* SideMenuVC.swift */ = {isa = PBXFileReference; lastKnownFileType = sourcecode.swift; path = SideMenuVC.swift; sourceTree = "<group>"; };
		DD60A38E2012C3F50019675C /* MainVC.swift */ = {isa = PBXFileReference; lastKnownFileType = sourcecode.swift; path = MainVC.swift; sourceTree = "<group>"; };
		DD7A13471FF7340A00943E6C /* Wallet+CoreDataClass.swift */ = {isa = PBXFileReference; lastKnownFileType = sourcecode.swift; path = "Wallet+CoreDataClass.swift"; sourceTree = "<group>"; };
		DD7A13481FF7340A00943E6C /* Wallet+CoreDataProperties.swift */ = {isa = PBXFileReference; lastKnownFileType = sourcecode.swift; path = "Wallet+CoreDataProperties.swift"; sourceTree = "<group>"; };
		DD7A13491FF7340A00943E6C /* Transaction+CoreDataClass.swift */ = {isa = PBXFileReference; lastKnownFileType = sourcecode.swift; path = "Transaction+CoreDataClass.swift"; sourceTree = "<group>"; };
		DD7A134A1FF7340A00943E6C /* Transaction+CoreDataProperties.swift */ = {isa = PBXFileReference; lastKnownFileType = sourcecode.swift; path = "Transaction+CoreDataProperties.swift"; sourceTree = "<group>"; };
		DD7A134B1FF7340A00943E6C /* User+CoreDataClass.swift */ = {isa = PBXFileReference; lastKnownFileType = sourcecode.swift; path = "User+CoreDataClass.swift"; sourceTree = "<group>"; };
		DD7A134C1FF7340A00943E6C /* User+CoreDataProperties.swift */ = {isa = PBXFileReference; lastKnownFileType = sourcecode.swift; path = "User+CoreDataProperties.swift"; sourceTree = "<group>"; };
		DD7A134D1FF7340A00943E6C /* Tag+CoreDataClass.swift */ = {isa = PBXFileReference; lastKnownFileType = sourcecode.swift; path = "Tag+CoreDataClass.swift"; sourceTree = "<group>"; };
		DD7A134E1FF7340A00943E6C /* Tag+CoreDataProperties.swift */ = {isa = PBXFileReference; lastKnownFileType = sourcecode.swift; path = "Tag+CoreDataProperties.swift"; sourceTree = "<group>"; };
		DD7A13571FF734DC00943E6C /* CoreDataStack.swift */ = {isa = PBXFileReference; lastKnownFileType = sourcecode.swift; path = CoreDataStack.swift; sourceTree = "<group>"; };
		DD7A13591FF7368700943E6C /* Ewok 2.xcdatamodel */ = {isa = PBXFileReference; lastKnownFileType = wrapper.xcdatamodel; path = "Ewok 2.xcdatamodel"; sourceTree = "<group>"; };
		DD7A135A1FF739BB00943E6C /* Ewok 3.xcdatamodel */ = {isa = PBXFileReference; lastKnownFileType = wrapper.xcdatamodel; path = "Ewok 3.xcdatamodel"; sourceTree = "<group>"; };
		DD843E8F1FF5D8D700EE3C0D /* Ewok.app */ = {isa = PBXFileReference; explicitFileType = wrapper.application; includeInIndex = 0; path = Ewok.app; sourceTree = BUILT_PRODUCTS_DIR; };
		DD843E921FF5D8D700EE3C0D /* AppDelegate.swift */ = {isa = PBXFileReference; lastKnownFileType = sourcecode.swift; path = AppDelegate.swift; sourceTree = "<group>"; };
		DD843E941FF5D8D700EE3C0D /* WalletViewController.swift */ = {isa = PBXFileReference; lastKnownFileType = sourcecode.swift; path = WalletViewController.swift; sourceTree = "<group>"; };
		DD843E971FF5D8D700EE3C0D /* Base */ = {isa = PBXFileReference; lastKnownFileType = file.storyboard; name = Base; path = Base.lproj/Main.storyboard; sourceTree = "<group>"; };
		DD843E9A1FF5D8D700EE3C0D /* Ewok.xcdatamodel */ = {isa = PBXFileReference; lastKnownFileType = wrapper.xcdatamodel; path = Ewok.xcdatamodel; sourceTree = "<group>"; };
		DD843E9C1FF5D8D700EE3C0D /* Assets.xcassets */ = {isa = PBXFileReference; lastKnownFileType = folder.assetcatalog; path = Assets.xcassets; sourceTree = "<group>"; };
		DD843E9F1FF5D8D700EE3C0D /* Base */ = {isa = PBXFileReference; lastKnownFileType = file.storyboard; name = Base; path = Base.lproj/LaunchScreen.storyboard; sourceTree = "<group>"; };
		DD843EA11FF5D8D700EE3C0D /* Info.plist */ = {isa = PBXFileReference; lastKnownFileType = text.plist.xml; path = Info.plist; sourceTree = "<group>"; };
		DD843EA61FF5D8D700EE3C0D /* EwokTests.xctest */ = {isa = PBXFileReference; explicitFileType = wrapper.cfbundle; includeInIndex = 0; path = EwokTests.xctest; sourceTree = BUILT_PRODUCTS_DIR; };
		DD843EAA1FF5D8D700EE3C0D /* EwokTests.swift */ = {isa = PBXFileReference; lastKnownFileType = sourcecode.swift; path = EwokTests.swift; sourceTree = "<group>"; };
		DD843EAC1FF5D8D700EE3C0D /* Info.plist */ = {isa = PBXFileReference; lastKnownFileType = text.plist.xml; path = Info.plist; sourceTree = "<group>"; };
		DD843EB11FF5D8D700EE3C0D /* EwokUITests.xctest */ = {isa = PBXFileReference; explicitFileType = wrapper.cfbundle; includeInIndex = 0; path = EwokUITests.xctest; sourceTree = BUILT_PRODUCTS_DIR; };
		DD843EB51FF5D8D700EE3C0D /* EwokUITests.swift */ = {isa = PBXFileReference; lastKnownFileType = sourcecode.swift; path = EwokUITests.swift; sourceTree = "<group>"; };
		DD843EB71FF5D8D700EE3C0D /* Info.plist */ = {isa = PBXFileReference; lastKnownFileType = text.plist.xml; path = Info.plist; sourceTree = "<group>"; };
		DDB1F6EE2008223200C26E40 /* AddTransactionViewController.swift */ = {isa = PBXFileReference; lastKnownFileType = sourcecode.swift; path = AddTransactionViewController.swift; sourceTree = "<group>"; };
		DDE0576A1FF862DB00D66208 /* Ewok 4.xcdatamodel */ = {isa = PBXFileReference; lastKnownFileType = wrapper.xcdatamodel; path = "Ewok 4.xcdatamodel"; sourceTree = "<group>"; };
/* End PBXFileReference section */

/* Begin PBXFrameworksBuildPhase section */
		DD843E8C1FF5D8D700EE3C0D /* Frameworks */ = {
			isa = PBXFrameworksBuildPhase;
			buildActionMask = 2147483647;
			files = (
				AE7B72FFB46B20CA515744E1 /* Pods_Ewok.framework in Frameworks */,
			);
			runOnlyForDeploymentPostprocessing = 0;
		};
		DD843EA31FF5D8D700EE3C0D /* Frameworks */ = {
			isa = PBXFrameworksBuildPhase;
			buildActionMask = 2147483647;
			files = (
				846AD3AFAD90479B45D663BD /* Pods_EwokTests.framework in Frameworks */,
			);
			runOnlyForDeploymentPostprocessing = 0;
		};
		DD843EAE1FF5D8D700EE3C0D /* Frameworks */ = {
			isa = PBXFrameworksBuildPhase;
			buildActionMask = 2147483647;
			files = (
				BCE5FB696912892E97F67718 /* Pods_EwokUITests.framework in Frameworks */,
			);
			runOnlyForDeploymentPostprocessing = 0;
		};
/* End PBXFrameworksBuildPhase section */

/* Begin PBXGroup section */
		A9B720443667C5A7FA336EBD /* Frameworks */ = {
			isa = PBXGroup;
			children = (
				A296D55DC567CB6C2F04AB66 /* Pods_Ewok.framework */,
				24B7FAE89054E6E265C19779 /* Pods_EwokTests.framework */,
				D414B0711FDE32BB2097E8D9 /* Pods_EwokUITests.framework */,
			);
			name = Frameworks;
			sourceTree = "<group>";
		};
		DD843E861FF5D8D700EE3C0D = {
			isa = PBXGroup;
			children = (
				DD7A13471FF7340A00943E6C /* Wallet+CoreDataClass.swift */,
				DD7A13481FF7340A00943E6C /* Wallet+CoreDataProperties.swift */,
				DD7A13491FF7340A00943E6C /* Transaction+CoreDataClass.swift */,
				DD7A134A1FF7340A00943E6C /* Transaction+CoreDataProperties.swift */,
				DD7A134B1FF7340A00943E6C /* User+CoreDataClass.swift */,
				DD7A134C1FF7340A00943E6C /* User+CoreDataProperties.swift */,
				DD7A134D1FF7340A00943E6C /* Tag+CoreDataClass.swift */,
				DD7A134E1FF7340A00943E6C /* Tag+CoreDataProperties.swift */,
				DDB1F6F12008224C00C26E40 /* Controllers */,
				DD843E911FF5D8D700EE3C0D /* Ewok */,
				DD843EA91FF5D8D700EE3C0D /* EwokTests */,
				DD843EB41FF5D8D700EE3C0D /* EwokUITests */,
				DD843E901FF5D8D700EE3C0D /* Products */,
				ED4E512D9AFD7D90DD92CA75 /* Pods */,
				A9B720443667C5A7FA336EBD /* Frameworks */,
			);
			sourceTree = "<group>";
		};
		DD843E901FF5D8D700EE3C0D /* Products */ = {
			isa = PBXGroup;
			children = (
				DD843E8F1FF5D8D700EE3C0D /* Ewok.app */,
				DD843EA61FF5D8D700EE3C0D /* EwokTests.xctest */,
				DD843EB11FF5D8D700EE3C0D /* EwokUITests.xctest */,
			);
			name = Products;
			sourceTree = "<group>";
		};
		DD843E911FF5D8D700EE3C0D /* Ewok */ = {
			isa = PBXGroup;
			children = (
				DD843E921FF5D8D700EE3C0D /* AppDelegate.swift */,
				DD843E961FF5D8D700EE3C0D /* Main.storyboard */,
				DD843E9C1FF5D8D700EE3C0D /* Assets.xcassets */,
				DD843E9E1FF5D8D700EE3C0D /* LaunchScreen.storyboard */,
				DD843EA11FF5D8D700EE3C0D /* Info.plist */,
				DD843E991FF5D8D700EE3C0D /* Ewok.xcdatamodeld */,
				DD7A13571FF734DC00943E6C /* CoreDataStack.swift */,
			);
			path = Ewok;
			sourceTree = "<group>";
		};
		DD843EA91FF5D8D700EE3C0D /* EwokTests */ = {
			isa = PBXGroup;
			children = (
				DD843EAA1FF5D8D700EE3C0D /* EwokTests.swift */,
				DD843EAC1FF5D8D700EE3C0D /* Info.plist */,
			);
			path = EwokTests;
			sourceTree = "<group>";
		};
		DD843EB41FF5D8D700EE3C0D /* EwokUITests */ = {
			isa = PBXGroup;
			children = (
				DD843EB51FF5D8D700EE3C0D /* EwokUITests.swift */,
				DD843EB71FF5D8D700EE3C0D /* Info.plist */,
			);
			path = EwokUITests;
			sourceTree = "<group>";
		};
		DDB1F6F12008224C00C26E40 /* Controllers */ = {
			isa = PBXGroup;
			children = (
				DD60A38E2012C3F50019675C /* MainVC.swift */,
				DD60A38A2012B4380019675C /* ContainerVC.swift */,
				DD60A38C2012B4AA0019675C /* SideMenuVC.swift */,
				DDB1F6EE2008223200C26E40 /* AddTransactionViewController.swift */,
				DD843E941FF5D8D700EE3C0D /* WalletViewController.swift */,
				DD5F063E1FF7199B00BBD97E /* TransactionViewCell.swift */,
			);
			path = Controllers;
			sourceTree = "<group>";
		};
		ED4E512D9AFD7D90DD92CA75 /* Pods */ = {
			isa = PBXGroup;
			children = (
				72445AA4FB8B3AF564AFBF3C /* Pods-Ewok.debug.xcconfig */,
				A24C4C6B9222284BF2331BCE /* Pods-Ewok.release.xcconfig */,
				AEEDF333C9C14B23EFF618C7 /* Pods-EwokTests.debug.xcconfig */,
				29145FCDCB2A56AF89CA73E9 /* Pods-EwokTests.release.xcconfig */,
				92CBF6B06A5291DD706071B1 /* Pods-EwokUITests.debug.xcconfig */,
				9CA75455A8553F93BBD46671 /* Pods-EwokUITests.release.xcconfig */,
			);
			name = Pods;
			sourceTree = "<group>";
		};
/* End PBXGroup section */

/* Begin PBXNativeTarget section */
		DD843E8E1FF5D8D700EE3C0D /* Ewok */ = {
			isa = PBXNativeTarget;
			buildConfigurationList = DD843EBA1FF5D8D700EE3C0D /* Build configuration list for PBXNativeTarget "Ewok" */;
			buildPhases = (
				6776652961572FCBC4AA1C95 /* [CP] Check Pods Manifest.lock */,
				DD843E8B1FF5D8D700EE3C0D /* Sources */,
				DD843E8C1FF5D8D700EE3C0D /* Frameworks */,
				DD843E8D1FF5D8D700EE3C0D /* Resources */,
				6EAA2DDBF8EAF35BECC299EF /* [CP] Embed Pods Frameworks */,
				F0B77FE1D61AFF7EC47BBB2C /* [CP] Copy Pods Resources */,
			);
			buildRules = (
			);
			dependencies = (
			);
			name = Ewok;
			productName = Ewok;
			productReference = DD843E8F1FF5D8D700EE3C0D /* Ewok.app */;
			productType = "com.apple.product-type.application";
		};
		DD843EA51FF5D8D700EE3C0D /* EwokTests */ = {
			isa = PBXNativeTarget;
			buildConfigurationList = DD843EBD1FF5D8D700EE3C0D /* Build configuration list for PBXNativeTarget "EwokTests" */;
			buildPhases = (
				7661606B1AC8D2636B00BF8D /* [CP] Check Pods Manifest.lock */,
				DD843EA21FF5D8D700EE3C0D /* Sources */,
				DD843EA31FF5D8D700EE3C0D /* Frameworks */,
				DD843EA41FF5D8D700EE3C0D /* Resources */,
				D1FA3336871E252F7AE3E48D /* [CP] Embed Pods Frameworks */,
				E4808F089BA9D8E8653FD399 /* [CP] Copy Pods Resources */,
			);
			buildRules = (
			);
			dependencies = (
				DD843EA81FF5D8D700EE3C0D /* PBXTargetDependency */,
			);
			name = EwokTests;
			productName = EwokTests;
			productReference = DD843EA61FF5D8D700EE3C0D /* EwokTests.xctest */;
			productType = "com.apple.product-type.bundle.unit-test";
		};
		DD843EB01FF5D8D700EE3C0D /* EwokUITests */ = {
			isa = PBXNativeTarget;
			buildConfigurationList = DD843EC01FF5D8D700EE3C0D /* Build configuration list for PBXNativeTarget "EwokUITests" */;
			buildPhases = (
				A4410F90894FDD6340D599F2 /* [CP] Check Pods Manifest.lock */,
				DD843EAD1FF5D8D700EE3C0D /* Sources */,
				DD843EAE1FF5D8D700EE3C0D /* Frameworks */,
				DD843EAF1FF5D8D700EE3C0D /* Resources */,
				95E7973E9E78FD8DBFE4EA74 /* [CP] Embed Pods Frameworks */,
				34CCB82025C85150EF17D356 /* [CP] Copy Pods Resources */,
			);
			buildRules = (
			);
			dependencies = (
				DD843EB31FF5D8D700EE3C0D /* PBXTargetDependency */,
			);
			name = EwokUITests;
			productName = EwokUITests;
			productReference = DD843EB11FF5D8D700EE3C0D /* EwokUITests.xctest */;
			productType = "com.apple.product-type.bundle.ui-testing";
		};
/* End PBXNativeTarget section */

/* Begin PBXProject section */
		DD843E871FF5D8D700EE3C0D /* Project object */ = {
			isa = PBXProject;
			attributes = {
				LastSwiftUpdateCheck = 0920;
				LastUpgradeCheck = 0920;
				ORGANIZATIONNAME = "Arturo Reyes";
				TargetAttributes = {
					DD843E8E1FF5D8D700EE3C0D = {
						CreatedOnToolsVersion = 9.2;
						ProvisioningStyle = Automatic;
					};
					DD843EA51FF5D8D700EE3C0D = {
						CreatedOnToolsVersion = 9.2;
						ProvisioningStyle = Automatic;
						TestTargetID = DD843E8E1FF5D8D700EE3C0D;
					};
					DD843EB01FF5D8D700EE3C0D = {
						CreatedOnToolsVersion = 9.2;
						ProvisioningStyle = Automatic;
						TestTargetID = DD843E8E1FF5D8D700EE3C0D;
					};
				};
			};
			buildConfigurationList = DD843E8A1FF5D8D700EE3C0D /* Build configuration list for PBXProject "Ewok" */;
			compatibilityVersion = "Xcode 8.0";
			developmentRegion = en;
			hasScannedForEncodings = 0;
			knownRegions = (
				en,
				Base,
			);
			mainGroup = DD843E861FF5D8D700EE3C0D;
			productRefGroup = DD843E901FF5D8D700EE3C0D /* Products */;
			projectDirPath = "";
			projectRoot = "";
			targets = (
				DD843E8E1FF5D8D700EE3C0D /* Ewok */,
				DD843EA51FF5D8D700EE3C0D /* EwokTests */,
				DD843EB01FF5D8D700EE3C0D /* EwokUITests */,
			);
		};
/* End PBXProject section */

/* Begin PBXResourcesBuildPhase section */
		DD843E8D1FF5D8D700EE3C0D /* Resources */ = {
			isa = PBXResourcesBuildPhase;
			buildActionMask = 2147483647;
			files = (
				DD843EA01FF5D8D700EE3C0D /* LaunchScreen.storyboard in Resources */,
				DD843E9D1FF5D8D700EE3C0D /* Assets.xcassets in Resources */,
				DD843E981FF5D8D700EE3C0D /* Main.storyboard in Resources */,
			);
			runOnlyForDeploymentPostprocessing = 0;
		};
		DD843EA41FF5D8D700EE3C0D /* Resources */ = {
			isa = PBXResourcesBuildPhase;
			buildActionMask = 2147483647;
			files = (
			);
			runOnlyForDeploymentPostprocessing = 0;
		};
		DD843EAF1FF5D8D700EE3C0D /* Resources */ = {
			isa = PBXResourcesBuildPhase;
			buildActionMask = 2147483647;
			files = (
			);
			runOnlyForDeploymentPostprocessing = 0;
		};
/* End PBXResourcesBuildPhase section */

/* Begin PBXShellScriptBuildPhase section */
		34CCB82025C85150EF17D356 /* [CP] Copy Pods Resources */ = {
			isa = PBXShellScriptBuildPhase;
			buildActionMask = 2147483647;
			files = (
			);
			inputPaths = (
			);
			name = "[CP] Copy Pods Resources";
			outputPaths = (
			);
			runOnlyForDeploymentPostprocessing = 0;
			shellPath = /bin/sh;
			shellScript = "\"${SRCROOT}/Pods/Target Support Files/Pods-EwokUITests/Pods-EwokUITests-resources.sh\"\n";
			showEnvVarsInLog = 0;
		};
		6776652961572FCBC4AA1C95 /* [CP] Check Pods Manifest.lock */ = {
			isa = PBXShellScriptBuildPhase;
			buildActionMask = 2147483647;
			files = (
			);
			inputPaths = (
				"${PODS_PODFILE_DIR_PATH}/Podfile.lock",
				"${PODS_ROOT}/Manifest.lock",
			);
			name = "[CP] Check Pods Manifest.lock";
			outputPaths = (
				"$(DERIVED_FILE_DIR)/Pods-Ewok-checkManifestLockResult.txt",
			);
			runOnlyForDeploymentPostprocessing = 0;
			shellPath = /bin/sh;
			shellScript = "diff \"${PODS_PODFILE_DIR_PATH}/Podfile.lock\" \"${PODS_ROOT}/Manifest.lock\" > /dev/null\nif [ $? != 0 ] ; then\n    # print error to STDERR\n    echo \"error: The sandbox is not in sync with the Podfile.lock. Run 'pod install' or update your CocoaPods installation.\" >&2\n    exit 1\nfi\n# This output is used by Xcode 'outputs' to avoid re-running this script phase.\necho \"SUCCESS\" > \"${SCRIPT_OUTPUT_FILE_0}\"\n";
			showEnvVarsInLog = 0;
		};
		6EAA2DDBF8EAF35BECC299EF /* [CP] Embed Pods Frameworks */ = {
			isa = PBXShellScriptBuildPhase;
			buildActionMask = 2147483647;
			files = (
			);
			inputPaths = (
				"${SRCROOT}/Pods/Target Support Files/Pods-Ewok/Pods-Ewok-frameworks.sh",
				"${BUILT_PRODUCTS_DIR}/GoogleToolboxForMac/GoogleToolboxForMac.framework",
				"${BUILT_PRODUCTS_DIR}/nanopb/nanopb.framework",
			);
			name = "[CP] Embed Pods Frameworks";
			outputPaths = (
				"${TARGET_BUILD_DIR}/${FRAMEWORKS_FOLDER_PATH}/GoogleToolboxForMac.framework",
				"${TARGET_BUILD_DIR}/${FRAMEWORKS_FOLDER_PATH}/nanopb.framework",
			);
			runOnlyForDeploymentPostprocessing = 0;
			shellPath = /bin/sh;
			shellScript = "\"${SRCROOT}/Pods/Target Support Files/Pods-Ewok/Pods-Ewok-frameworks.sh\"\n";
			showEnvVarsInLog = 0;
		};
		7661606B1AC8D2636B00BF8D /* [CP] Check Pods Manifest.lock */ = {
			isa = PBXShellScriptBuildPhase;
			buildActionMask = 2147483647;
			files = (
			);
			inputPaths = (
				"${PODS_PODFILE_DIR_PATH}/Podfile.lock",
				"${PODS_ROOT}/Manifest.lock",
			);
			name = "[CP] Check Pods Manifest.lock";
			outputPaths = (
				"$(DERIVED_FILE_DIR)/Pods-EwokTests-checkManifestLockResult.txt",
			);
			runOnlyForDeploymentPostprocessing = 0;
			shellPath = /bin/sh;
			shellScript = "diff \"${PODS_PODFILE_DIR_PATH}/Podfile.lock\" \"${PODS_ROOT}/Manifest.lock\" > /dev/null\nif [ $? != 0 ] ; then\n    # print error to STDERR\n    echo \"error: The sandbox is not in sync with the Podfile.lock. Run 'pod install' or update your CocoaPods installation.\" >&2\n    exit 1\nfi\n# This output is used by Xcode 'outputs' to avoid re-running this script phase.\necho \"SUCCESS\" > \"${SCRIPT_OUTPUT_FILE_0}\"\n";
			showEnvVarsInLog = 0;
		};
		95E7973E9E78FD8DBFE4EA74 /* [CP] Embed Pods Frameworks */ = {
			isa = PBXShellScriptBuildPhase;
			buildActionMask = 2147483647;
			files = (
			);
			inputPaths = (
			);
			name = "[CP] Embed Pods Frameworks";
			outputPaths = (
			);
			runOnlyForDeploymentPostprocessing = 0;
			shellPath = /bin/sh;
			shellScript = "\"${SRCROOT}/Pods/Target Support Files/Pods-EwokUITests/Pods-EwokUITests-frameworks.sh\"\n";
			showEnvVarsInLog = 0;
		};
		A4410F90894FDD6340D599F2 /* [CP] Check Pods Manifest.lock */ = {
			isa = PBXShellScriptBuildPhase;
			buildActionMask = 2147483647;
			files = (
			);
			inputPaths = (
				"${PODS_PODFILE_DIR_PATH}/Podfile.lock",
				"${PODS_ROOT}/Manifest.lock",
			);
			name = "[CP] Check Pods Manifest.lock";
			outputPaths = (
				"$(DERIVED_FILE_DIR)/Pods-EwokUITests-checkManifestLockResult.txt",
			);
			runOnlyForDeploymentPostprocessing = 0;
			shellPath = /bin/sh;
			shellScript = "diff \"${PODS_PODFILE_DIR_PATH}/Podfile.lock\" \"${PODS_ROOT}/Manifest.lock\" > /dev/null\nif [ $? != 0 ] ; then\n    # print error to STDERR\n    echo \"error: The sandbox is not in sync with the Podfile.lock. Run 'pod install' or update your CocoaPods installation.\" >&2\n    exit 1\nfi\n# This output is used by Xcode 'outputs' to avoid re-running this script phase.\necho \"SUCCESS\" > \"${SCRIPT_OUTPUT_FILE_0}\"\n";
			showEnvVarsInLog = 0;
		};
		D1FA3336871E252F7AE3E48D /* [CP] Embed Pods Frameworks */ = {
			isa = PBXShellScriptBuildPhase;
			buildActionMask = 2147483647;
			files = (
			);
			inputPaths = (
			);
			name = "[CP] Embed Pods Frameworks";
			outputPaths = (
			);
			runOnlyForDeploymentPostprocessing = 0;
			shellPath = /bin/sh;
			shellScript = "\"${SRCROOT}/Pods/Target Support Files/Pods-EwokTests/Pods-EwokTests-frameworks.sh\"\n";
			showEnvVarsInLog = 0;
		};
		E4808F089BA9D8E8653FD399 /* [CP] Copy Pods Resources */ = {
			isa = PBXShellScriptBuildPhase;
			buildActionMask = 2147483647;
			files = (
			);
			inputPaths = (
			);
			name = "[CP] Copy Pods Resources";
			outputPaths = (
			);
			runOnlyForDeploymentPostprocessing = 0;
			shellPath = /bin/sh;
			shellScript = "\"${SRCROOT}/Pods/Target Support Files/Pods-EwokTests/Pods-EwokTests-resources.sh\"\n";
			showEnvVarsInLog = 0;
		};
		F0B77FE1D61AFF7EC47BBB2C /* [CP] Copy Pods Resources */ = {
			isa = PBXShellScriptBuildPhase;
			buildActionMask = 2147483647;
			files = (
			);
			inputPaths = (
			);
			name = "[CP] Copy Pods Resources";
			outputPaths = (
			);
			runOnlyForDeploymentPostprocessing = 0;
			shellPath = /bin/sh;
			shellScript = "\"${SRCROOT}/Pods/Target Support Files/Pods-Ewok/Pods-Ewok-resources.sh\"\n";
			showEnvVarsInLog = 0;
		};
/* End PBXShellScriptBuildPhase section */

/* Begin PBXSourcesBuildPhase section */
		DD843E8B1FF5D8D700EE3C0D /* Sources */ = {
			isa = PBXSourcesBuildPhase;
			buildActionMask = 2147483647;
			files = (
				DD7A13521FF7340A00943E6C /* Transaction+CoreDataProperties.swift in Sources */,
				DD60A38F2012C3F50019675C /* MainVC.swift in Sources */,
				DD5F063F1FF7199B00BBD97E /* TransactionViewCell.swift in Sources */,
				DD7A13561FF7340A00943E6C /* Tag+CoreDataProperties.swift in Sources */,
				DD7A134F1FF7340A00943E6C /* Wallet+CoreDataClass.swift in Sources */,
				DD7A13501FF7340A00943E6C /* Wallet+CoreDataProperties.swift in Sources */,
				DDB1F6EF2008223200C26E40 /* AddTransactionViewController.swift in Sources */,
				DD7A13511FF7340A00943E6C /* Transaction+CoreDataClass.swift in Sources */,
				DD7A13581FF734DC00943E6C /* CoreDataStack.swift in Sources */,
				DD7A13531FF7340A00943E6C /* User+CoreDataClass.swift in Sources */,
				DD60A38B2012B4380019675C /* ContainerVC.swift in Sources */,
				DD843E951FF5D8D700EE3C0D /* WalletViewController.swift in Sources */,
				DD843E931FF5D8D700EE3C0D /* AppDelegate.swift in Sources */,
				DD7A13551FF7340A00943E6C /* Tag+CoreDataClass.swift in Sources */,
				DD7A13541FF7340A00943E6C /* User+CoreDataProperties.swift in Sources */,
				DD60A38D2012B4AA0019675C /* SideMenuVC.swift in Sources */,
				DD843E9B1FF5D8D700EE3C0D /* Ewok.xcdatamodeld in Sources */,
			);
			runOnlyForDeploymentPostprocessing = 0;
		};
		DD843EA21FF5D8D700EE3C0D /* Sources */ = {
			isa = PBXSourcesBuildPhase;
			buildActionMask = 2147483647;
			files = (
				DD843EAB1FF5D8D700EE3C0D /* EwokTests.swift in Sources */,
			);
			runOnlyForDeploymentPostprocessing = 0;
		};
		DD843EAD1FF5D8D700EE3C0D /* Sources */ = {
			isa = PBXSourcesBuildPhase;
			buildActionMask = 2147483647;
			files = (
				DD843EB61FF5D8D700EE3C0D /* EwokUITests.swift in Sources */,
			);
			runOnlyForDeploymentPostprocessing = 0;
		};
/* End PBXSourcesBuildPhase section */

/* Begin PBXTargetDependency section */
		DD843EA81FF5D8D700EE3C0D /* PBXTargetDependency */ = {
			isa = PBXTargetDependency;
			target = DD843E8E1FF5D8D700EE3C0D /* Ewok */;
			targetProxy = DD843EA71FF5D8D700EE3C0D /* PBXContainerItemProxy */;
		};
		DD843EB31FF5D8D700EE3C0D /* PBXTargetDependency */ = {
			isa = PBXTargetDependency;
			target = DD843E8E1FF5D8D700EE3C0D /* Ewok */;
			targetProxy = DD843EB21FF5D8D700EE3C0D /* PBXContainerItemProxy */;
		};
/* End PBXTargetDependency section */

/* Begin PBXVariantGroup section */
		DD843E961FF5D8D700EE3C0D /* Main.storyboard */ = {
			isa = PBXVariantGroup;
			children = (
				DD843E971FF5D8D700EE3C0D /* Base */,
			);
			name = Main.storyboard;
			sourceTree = "<group>";
		};
		DD843E9E1FF5D8D700EE3C0D /* LaunchScreen.storyboard */ = {
			isa = PBXVariantGroup;
			children = (
				DD843E9F1FF5D8D700EE3C0D /* Base */,
			);
			name = LaunchScreen.storyboard;
			sourceTree = "<group>";
		};
/* End PBXVariantGroup section */

/* Begin XCBuildConfiguration section */
		DD843EB81FF5D8D700EE3C0D /* Debug */ = {
			isa = XCBuildConfiguration;
			buildSettings = {
				ALWAYS_SEARCH_USER_PATHS = NO;
				CLANG_ANALYZER_NONNULL = YES;
				CLANG_ANALYZER_NUMBER_OBJECT_CONVERSION = YES_AGGRESSIVE;
				CLANG_CXX_LANGUAGE_STANDARD = "gnu++14";
				CLANG_CXX_LIBRARY = "libc++";
				CLANG_ENABLE_MODULES = YES;
				CLANG_ENABLE_OBJC_ARC = YES;
				CLANG_WARN_BLOCK_CAPTURE_AUTORELEASING = YES;
				CLANG_WARN_BOOL_CONVERSION = YES;
				CLANG_WARN_COMMA = YES;
				CLANG_WARN_CONSTANT_CONVERSION = YES;
				CLANG_WARN_DIRECT_OBJC_ISA_USAGE = YES_ERROR;
				CLANG_WARN_DOCUMENTATION_COMMENTS = YES;
				CLANG_WARN_EMPTY_BODY = YES;
				CLANG_WARN_ENUM_CONVERSION = YES;
				CLANG_WARN_INFINITE_RECURSION = YES;
				CLANG_WARN_INT_CONVERSION = YES;
				CLANG_WARN_NON_LITERAL_NULL_CONVERSION = YES;
				CLANG_WARN_OBJC_LITERAL_CONVERSION = YES;
				CLANG_WARN_OBJC_ROOT_CLASS = YES_ERROR;
				CLANG_WARN_RANGE_LOOP_ANALYSIS = YES;
				CLANG_WARN_STRICT_PROTOTYPES = YES;
				CLANG_WARN_SUSPICIOUS_MOVE = YES;
				CLANG_WARN_UNGUARDED_AVAILABILITY = YES_AGGRESSIVE;
				CLANG_WARN_UNREACHABLE_CODE = YES;
				CLANG_WARN__DUPLICATE_METHOD_MATCH = YES;
				CODE_SIGN_IDENTITY = "iPhone Developer";
				COPY_PHASE_STRIP = NO;
				DEBUG_INFORMATION_FORMAT = dwarf;
				ENABLE_STRICT_OBJC_MSGSEND = YES;
				ENABLE_TESTABILITY = YES;
				GCC_C_LANGUAGE_STANDARD = gnu11;
				GCC_DYNAMIC_NO_PIC = NO;
				GCC_NO_COMMON_BLOCKS = YES;
				GCC_OPTIMIZATION_LEVEL = 0;
				GCC_PREPROCESSOR_DEFINITIONS = (
					"DEBUG=1",
					"$(inherited)",
				);
				GCC_WARN_64_TO_32_BIT_CONVERSION = YES;
				GCC_WARN_ABOUT_RETURN_TYPE = YES_ERROR;
				GCC_WARN_UNDECLARED_SELECTOR = YES;
				GCC_WARN_UNINITIALIZED_AUTOS = YES_AGGRESSIVE;
				GCC_WARN_UNUSED_FUNCTION = YES;
				GCC_WARN_UNUSED_VARIABLE = YES;
				IPHONEOS_DEPLOYMENT_TARGET = 11.2;
				MTL_ENABLE_DEBUG_INFO = YES;
				ONLY_ACTIVE_ARCH = YES;
				SDKROOT = iphoneos;
				SWIFT_ACTIVE_COMPILATION_CONDITIONS = DEBUG;
				SWIFT_OPTIMIZATION_LEVEL = "-Onone";
			};
			name = Debug;
		};
		DD843EB91FF5D8D700EE3C0D /* Release */ = {
			isa = XCBuildConfiguration;
			buildSettings = {
				ALWAYS_SEARCH_USER_PATHS = NO;
				CLANG_ANALYZER_NONNULL = YES;
				CLANG_ANALYZER_NUMBER_OBJECT_CONVERSION = YES_AGGRESSIVE;
				CLANG_CXX_LANGUAGE_STANDARD = "gnu++14";
				CLANG_CXX_LIBRARY = "libc++";
				CLANG_ENABLE_MODULES = YES;
				CLANG_ENABLE_OBJC_ARC = YES;
				CLANG_WARN_BLOCK_CAPTURE_AUTORELEASING = YES;
				CLANG_WARN_BOOL_CONVERSION = YES;
				CLANG_WARN_COMMA = YES;
				CLANG_WARN_CONSTANT_CONVERSION = YES;
				CLANG_WARN_DIRECT_OBJC_ISA_USAGE = YES_ERROR;
				CLANG_WARN_DOCUMENTATION_COMMENTS = YES;
				CLANG_WARN_EMPTY_BODY = YES;
				CLANG_WARN_ENUM_CONVERSION = YES;
				CLANG_WARN_INFINITE_RECURSION = YES;
				CLANG_WARN_INT_CONVERSION = YES;
				CLANG_WARN_NON_LITERAL_NULL_CONVERSION = YES;
				CLANG_WARN_OBJC_LITERAL_CONVERSION = YES;
				CLANG_WARN_OBJC_ROOT_CLASS = YES_ERROR;
				CLANG_WARN_RANGE_LOOP_ANALYSIS = YES;
				CLANG_WARN_STRICT_PROTOTYPES = YES;
				CLANG_WARN_SUSPICIOUS_MOVE = YES;
				CLANG_WARN_UNGUARDED_AVAILABILITY = YES_AGGRESSIVE;
				CLANG_WARN_UNREACHABLE_CODE = YES;
				CLANG_WARN__DUPLICATE_METHOD_MATCH = YES;
				CODE_SIGN_IDENTITY = "iPhone Developer";
				COPY_PHASE_STRIP = NO;
				DEBUG_INFORMATION_FORMAT = "dwarf-with-dsym";
				ENABLE_NS_ASSERTIONS = NO;
				ENABLE_STRICT_OBJC_MSGSEND = YES;
				GCC_C_LANGUAGE_STANDARD = gnu11;
				GCC_NO_COMMON_BLOCKS = YES;
				GCC_WARN_64_TO_32_BIT_CONVERSION = YES;
				GCC_WARN_ABOUT_RETURN_TYPE = YES_ERROR;
				GCC_WARN_UNDECLARED_SELECTOR = YES;
				GCC_WARN_UNINITIALIZED_AUTOS = YES_AGGRESSIVE;
				GCC_WARN_UNUSED_FUNCTION = YES;
				GCC_WARN_UNUSED_VARIABLE = YES;
				IPHONEOS_DEPLOYMENT_TARGET = 11.2;
				MTL_ENABLE_DEBUG_INFO = NO;
				SDKROOT = iphoneos;
				SWIFT_OPTIMIZATION_LEVEL = "-Owholemodule";
				VALIDATE_PRODUCT = YES;
			};
			name = Release;
		};
		DD843EBB1FF5D8D700EE3C0D /* Debug */ = {
			isa = XCBuildConfiguration;
			baseConfigurationReference = 72445AA4FB8B3AF564AFBF3C /* Pods-Ewok.debug.xcconfig */;
			buildSettings = {
				ASSETCATALOG_COMPILER_APPICON_NAME = AppIcon;
				CODE_SIGN_STYLE = Automatic;
				DEVELOPMENT_TEAM = L49JS5X5VY;
				INFOPLIST_FILE = Ewok/Info.plist;
				LD_RUNPATH_SEARCH_PATHS = "$(inherited) @executable_path/Frameworks";
				PRODUCT_BUNDLE_IDENTIFIER = arturoreyes.Ewok;
				PRODUCT_NAME = "$(TARGET_NAME)";
				SWIFT_VERSION = 4.0;
				TARGETED_DEVICE_FAMILY = "1,2";
			};
			name = Debug;
		};
		DD843EBC1FF5D8D700EE3C0D /* Release */ = {
			isa = XCBuildConfiguration;
			baseConfigurationReference = A24C4C6B9222284BF2331BCE /* Pods-Ewok.release.xcconfig */;
			buildSettings = {
				ASSETCATALOG_COMPILER_APPICON_NAME = AppIcon;
				CODE_SIGN_STYLE = Automatic;
				DEVELOPMENT_TEAM = L49JS5X5VY;
				INFOPLIST_FILE = Ewok/Info.plist;
				LD_RUNPATH_SEARCH_PATHS = "$(inherited) @executable_path/Frameworks";
				PRODUCT_BUNDLE_IDENTIFIER = arturoreyes.Ewok;
				PRODUCT_NAME = "$(TARGET_NAME)";
				SWIFT_VERSION = 4.0;
				TARGETED_DEVICE_FAMILY = "1,2";
			};
			name = Release;
		};
		DD843EBE1FF5D8D700EE3C0D /* Debug */ = {
			isa = XCBuildConfiguration;
			baseConfigurationReference = AEEDF333C9C14B23EFF618C7 /* Pods-EwokTests.debug.xcconfig */;
			buildSettings = {
				ALWAYS_EMBED_SWIFT_STANDARD_LIBRARIES = YES;
				BUNDLE_LOADER = "$(TEST_HOST)";
				CODE_SIGN_STYLE = Automatic;
				DEVELOPMENT_TEAM = L49JS5X5VY;
				INFOPLIST_FILE = EwokTests/Info.plist;
				LD_RUNPATH_SEARCH_PATHS = "$(inherited) @executable_path/Frameworks @loader_path/Frameworks";
				PRODUCT_BUNDLE_IDENTIFIER = arturoreyes.EwokTests;
				PRODUCT_NAME = "$(TARGET_NAME)";
				SWIFT_VERSION = 4.0;
				TARGETED_DEVICE_FAMILY = "1,2";
				TEST_HOST = "$(BUILT_PRODUCTS_DIR)/Ewok.app/Ewok";
			};
			name = Debug;
		};
		DD843EBF1FF5D8D700EE3C0D /* Release */ = {
			isa = XCBuildConfiguration;
			baseConfigurationReference = 29145FCDCB2A56AF89CA73E9 /* Pods-EwokTests.release.xcconfig */;
			buildSettings = {
				ALWAYS_EMBED_SWIFT_STANDARD_LIBRARIES = YES;
				BUNDLE_LOADER = "$(TEST_HOST)";
				CODE_SIGN_STYLE = Automatic;
				DEVELOPMENT_TEAM = L49JS5X5VY;
				INFOPLIST_FILE = EwokTests/Info.plist;
				LD_RUNPATH_SEARCH_PATHS = "$(inherited) @executable_path/Frameworks @loader_path/Frameworks";
				PRODUCT_BUNDLE_IDENTIFIER = arturoreyes.EwokTests;
				PRODUCT_NAME = "$(TARGET_NAME)";
				SWIFT_VERSION = 4.0;
				TARGETED_DEVICE_FAMILY = "1,2";
				TEST_HOST = "$(BUILT_PRODUCTS_DIR)/Ewok.app/Ewok";
			};
			name = Release;
		};
		DD843EC11FF5D8D700EE3C0D /* Debug */ = {
			isa = XCBuildConfiguration;
			baseConfigurationReference = 92CBF6B06A5291DD706071B1 /* Pods-EwokUITests.debug.xcconfig */;
			buildSettings = {
				ALWAYS_EMBED_SWIFT_STANDARD_LIBRARIES = YES;
				CODE_SIGN_STYLE = Automatic;
				DEVELOPMENT_TEAM = L49JS5X5VY;
				INFOPLIST_FILE = EwokUITests/Info.plist;
				LD_RUNPATH_SEARCH_PATHS = "$(inherited) @executable_path/Frameworks @loader_path/Frameworks";
				PRODUCT_BUNDLE_IDENTIFIER = arturoreyes.EwokUITests;
				PRODUCT_NAME = "$(TARGET_NAME)";
				SWIFT_VERSION = 4.0;
				TARGETED_DEVICE_FAMILY = "1,2";
				TEST_TARGET_NAME = Ewok;
			};
			name = Debug;
		};
		DD843EC21FF5D8D700EE3C0D /* Release */ = {
			isa = XCBuildConfiguration;
			baseConfigurationReference = 9CA75455A8553F93BBD46671 /* Pods-EwokUITests.release.xcconfig */;
			buildSettings = {
				ALWAYS_EMBED_SWIFT_STANDARD_LIBRARIES = YES;
				CODE_SIGN_STYLE = Automatic;
				DEVELOPMENT_TEAM = L49JS5X5VY;
				INFOPLIST_FILE = EwokUITests/Info.plist;
				LD_RUNPATH_SEARCH_PATHS = "$(inherited) @executable_path/Frameworks @loader_path/Frameworks";
				PRODUCT_BUNDLE_IDENTIFIER = arturoreyes.EwokUITests;
				PRODUCT_NAME = "$(TARGET_NAME)";
				SWIFT_VERSION = 4.0;
				TARGETED_DEVICE_FAMILY = "1,2";
				TEST_TARGET_NAME = Ewok;
			};
			name = Release;
		};
/* End XCBuildConfiguration section */

/* Begin XCConfigurationList section */
		DD843E8A1FF5D8D700EE3C0D /* Build configuration list for PBXProject "Ewok" */ = {
			isa = XCConfigurationList;
			buildConfigurations = (
				DD843EB81FF5D8D700EE3C0D /* Debug */,
				DD843EB91FF5D8D700EE3C0D /* Release */,
			);
			defaultConfigurationIsVisible = 0;
			defaultConfigurationName = Release;
		};
		DD843EBA1FF5D8D700EE3C0D /* Build configuration list for PBXNativeTarget "Ewok" */ = {
			isa = XCConfigurationList;
			buildConfigurations = (
				DD843EBB1FF5D8D700EE3C0D /* Debug */,
				DD843EBC1FF5D8D700EE3C0D /* Release */,
			);
			defaultConfigurationIsVisible = 0;
			defaultConfigurationName = Release;
		};
		DD843EBD1FF5D8D700EE3C0D /* Build configuration list for PBXNativeTarget "EwokTests" */ = {
			isa = XCConfigurationList;
			buildConfigurations = (
				DD843EBE1FF5D8D700EE3C0D /* Debug */,
				DD843EBF1FF5D8D700EE3C0D /* Release */,
			);
			defaultConfigurationIsVisible = 0;
			defaultConfigurationName = Release;
		};
		DD843EC01FF5D8D700EE3C0D /* Build configuration list for PBXNativeTarget "EwokUITests" */ = {
			isa = XCConfigurationList;
			buildConfigurations = (
				DD843EC11FF5D8D700EE3C0D /* Debug */,
				DD843EC21FF5D8D700EE3C0D /* Release */,
			);
			defaultConfigurationIsVisible = 0;
			defaultConfigurationName = Release;
		};
/* End XCConfigurationList section */

/* Begin XCVersionGroup section */
		DD843E991FF5D8D700EE3C0D /* Ewok.xcdatamodeld */ = {
			isa = XCVersionGroup;
			children = (
				DDE0576A1FF862DB00D66208 /* Ewok 4.xcdatamodel */,
				DD7A135A1FF739BB00943E6C /* Ewok 3.xcdatamodel */,
				DD7A13591FF7368700943E6C /* Ewok 2.xcdatamodel */,
				DD843E9A1FF5D8D700EE3C0D /* Ewok.xcdatamodel */,
			);
			currentVersion = DDE0576A1FF862DB00D66208 /* Ewok 4.xcdatamodel */;
			path = Ewok.xcdatamodeld;
			sourceTree = "<group>";
			versionGroupType = wrapper.xcdatamodel;
		};
/* End XCVersionGroup section */
	};
	rootObject = DD843E871FF5D8D700EE3C0D /* Project object */;
}
